
Microsoft Visual Studio Solution File, Format Version 12.00
# Visual Studio 2013
VisualStudioVersion = 12.0.30723.0
MinimumVisualStudioVersion = 10.0.40219.1
Project("{FAE04EC0-301F-11D3-BF4B-00C04F79EFBC}") = "Symlink Maker", "Symlink Maker\Symlink Maker.csproj", "{DD8E2D3B-7103-42B6-ABA8-24A3A47D7007}"
EndProject
Global
	GlobalSection(SolutionConfigurationPlatforms) = preSolution
		Debug|Any CPU = Debug|Any CPU
		Release|Any CPU = Release|Any CPU
	EndGlobalSection
	GlobalSection(ProjectConfigurationPlatforms) = postSolution
		{DD8E2D3B-7103-42B6-ABA8-24A3A47D7007}.Debug|Any CPU.ActiveCfg = Debug|Any CPU
		{DD8E2D3B-7103-42B6-ABA8-24A3A47D7007}.Debug|Any CPU.Build.0 = Debug|Any CPU
		{DD8E2D3B-7103-42B6-ABA8-24A3A47D7007}.Release|Any CPU.ActiveCfg = Release|Any CPU
		{DD8E2D3B-7103-42B6-ABA8-24A3A47D7007}.Release|Any CPU.Build.0 = Release|Any CPU
	EndGlobalSection
	GlobalSection(SolutionProperties) = preSolution
		HideSolutionNode = FALSE
	EndGlobalSection
EndGlobal
